
Microsoft Visual Studio Solution File, Format Version 12.00
# Visual Studio 15
VisualStudioVersion = 15.0.27703.2042
MinimumVisualStudioVersion = 10.0.40219.1
Project("{00D1A9C2-B5F0-4AF3-8072-F6C62B433612}") = "CSIPricingConfiguratorDatabase", "CSIPricingConfiguratorDatabase\CSIPricingConfiguratorDatabase.sqlproj", "{83B33025-8A26-4D24-A752-B8B4B8CC9A34}"
EndProject
Project("{FAE04EC0-301F-11D3-BF4B-00C04F79EFBC}") = "CSIProductConfigurator_front", "CSIProductConfigurator_front\CSIProductConfigurator_front.csproj", "{4FEB8152-B82C-47CC-AE03-8FD81D3D2F83}"
EndProject
Project("{FAE04EC0-301F-11D3-BF4B-00C04F79EFBC}") = "CSIProductConfigurationCommon", "CSIProductConfigurationCommon\CSIProductConfigurationCommon.csproj", "{7E0C89A5-BFA3-4226-B3AD-A87CA5E2DEB4}"
EndProject
Project("{FAE04EC0-301F-11D3-BF4B-00C04F79EFBC}") = "CSIProductConfigurationBackend", "CSIProductConfigurationBackend\CSIProductConfigurationBackend.csproj", "{55391F8C-ED78-47AC-A452-6BC85C3FF97B}"
EndProject
Global
	GlobalSection(SolutionConfigurationPlatforms) = preSolution
		Debug|Any CPU = Debug|Any CPU
		Release|Any CPU = Release|Any CPU
	EndGlobalSection
	GlobalSection(ProjectConfigurationPlatforms) = postSolution
		{83B33025-8A26-4D24-A752-B8B4B8CC9A34}.Debug|Any CPU.ActiveCfg = Debug|Any CPU
		{83B33025-8A26-4D24-A752-B8B4B8CC9A34}.Debug|Any CPU.Build.0 = Debug|Any CPU
		{83B33025-8A26-4D24-A752-B8B4B8CC9A34}.Debug|Any CPU.Deploy.0 = Debug|Any CPU
		{83B33025-8A26-4D24-A752-B8B4B8CC9A34}.Release|Any CPU.ActiveCfg = Release|Any CPU
		{83B33025-8A26-4D24-A752-B8B4B8CC9A34}.Release|Any CPU.Build.0 = Release|Any CPU
		{83B33025-8A26-4D24-A752-B8B4B8CC9A34}.Release|Any CPU.Deploy.0 = Release|Any CPU
		{4FEB8152-B82C-47CC-AE03-8FD81D3D2F83}.Debug|Any CPU.ActiveCfg = Debug|Any CPU
		{4FEB8152-B82C-47CC-AE03-8FD81D3D2F83}.Debug|Any CPU.Build.0 = Debug|Any CPU
		{4FEB8152-B82C-47CC-AE03-8FD81D3D2F83}.Release|Any CPU.ActiveCfg = Release|Any CPU
		{4FEB8152-B82C-47CC-AE03-8FD81D3D2F83}.Release|Any CPU.Build.0 = Release|Any CPU
		{7E0C89A5-BFA3-4226-B3AD-A87CA5E2DEB4}.Debug|Any CPU.ActiveCfg = Debug|Any CPU
		{7E0C89A5-BFA3-4226-B3AD-A87CA5E2DEB4}.Debug|Any CPU.Build.0 = Debug|Any CPU
		{7E0C89A5-BFA3-4226-B3AD-A87CA5E2DEB4}.Release|Any CPU.ActiveCfg = Release|Any CPU
		{7E0C89A5-BFA3-4226-B3AD-A87CA5E2DEB4}.Release|Any CPU.Build.0 = Release|Any CPU
		{55391F8C-ED78-47AC-A452-6BC85C3FF97B}.Debug|Any CPU.ActiveCfg = Debug|Any CPU
		{55391F8C-ED78-47AC-A452-6BC85C3FF97B}.Debug|Any CPU.Build.0 = Debug|Any CPU
		{55391F8C-ED78-47AC-A452-6BC85C3FF97B}.Release|Any CPU.ActiveCfg = Release|Any CPU
		{55391F8C-ED78-47AC-A452-6BC85C3FF97B}.Release|Any CPU.Build.0 = Release|Any CPU
	EndGlobalSection
	GlobalSection(SolutionProperties) = preSolution
		HideSolutionNode = FALSE
	EndGlobalSection
	GlobalSection(ExtensibilityGlobals) = postSolution
		SolutionGuid = {E4E72896-A9C5-48D2-A1DD-A9AB679A9F30}
	EndGlobalSection
EndGlobal
